Microsoft Visual Studio Solution File, Format Version 11.00
# Visual Studio 2008

Project("{7537A808-038F-FA2E-A90A-01C22BEF67AD}") = "Stealth Game Test Project", "Assembly-CSharp-firstpass-vs.csproj", "{CE4D4D89-B476-DFDF-A5D5-96A0517F7AE4}"
EndProject
Project("{7537A808-038F-FA2E-A90A-01C22BEF67AD}") = "Stealth Game Test Project", "Assembly-CSharp-vs.csproj", "{22CC2282-16D1-4EE7-870D-405F34675377}"
EndProject
Project("{7537A808-038F-FA2E-A90A-01C22BEF67AD}") = "Stealth Game Test Project", "Assembly-CSharp-Editor-vs.csproj", "{0FD342EB-29B9-1685-B01E-C2C828EA0836}"
EndProject
Global
	GlobalSection(SolutionConfigurationPlatforms) = preSolution
		Debug|Any CPU = Debug|Any CPU
		Release|Any CPU = Release|Any CPU
	EndGlobalSection
	GlobalSection(ProjectConfigurationPlatforms) = postSolution
		{CE4D4D89-B476-DFDF-A5D5-96A0517F7AE4}.Debug|Any CPU.ActiveCfg = Debug|Any CPU
		{CE4D4D89-B476-DFDF-A5D5-96A0517F7AE4}.Debug|Any CPU.Build.0 = Debug|Any CPU
		{CE4D4D89-B476-DFDF-A5D5-96A0517F7AE4}.Release|Any CPU.ActiveCfg = Release|Any CPU
		{CE4D4D89-B476-DFDF-A5D5-96A0517F7AE4}.Release|Any CPU.Build.0 = Release|Any CPU
		{22CC2282-16D1-4EE7-870D-405F34675377}.Debug|Any CPU.ActiveCfg = Debug|Any CPU
		{22CC2282-16D1-4EE7-870D-405F34675377}.Debug|Any CPU.Build.0 = Debug|Any CPU
		{22CC2282-16D1-4EE7-870D-405F34675377}.Release|Any CPU.ActiveCfg = Release|Any CPU
		{22CC2282-16D1-4EE7-870D-405F34675377}.Release|Any CPU.Build.0 = Release|Any CPU
		{0FD342EB-29B9-1685-B01E-C2C828EA0836}.Debug|Any CPU.ActiveCfg = Debug|Any CPU
		{0FD342EB-29B9-1685-B01E-C2C828EA0836}.Debug|Any CPU.Build.0 = Debug|Any CPU
		{0FD342EB-29B9-1685-B01E-C2C828EA0836}.Release|Any CPU.ActiveCfg = Release|Any CPU
		{0FD342EB-29B9-1685-B01E-C2C828EA0836}.Release|Any CPU.Build.0 = Release|Any CPU
	EndGlobalSection
	GlobalSection(SolutionProperties) = preSolution
		HideSolutionNode = FALSE
	EndGlobalSection
																		GlobalSection(MonoDevelopProperties) = preSolution
		StartupItem = Assembly-CSharp.csproj
		Policies = $0
		$0.TextStylePolicy = $1
		$1.inheritsSet = null
		$1.scope = text/x-csharp
		$0.CSharpFormattingPolicy = $2
		$2.inheritsSet = Mono
		$2.inheritsScope = text/x-csharp
		$2.scope = text/x-csharp
		$0.TextStylePolicy = $3
		$3.FileWidth = 120
		$3.TabWidth = 4
		$3.IndentWidth = 4
		$3.EolMarker = Unix
		$3.inheritsSet = Mono
		$3.inheritsScope = text/plain
		$3.scope = text/plain
	EndGlobalSection

EndGlobal
